
Microsoft Visual Studio Solution File, Format Version 12.00
# Visual Studio Version 17
VisualStudioVersion = 17.0.31903.59
MinimumVisualStudioVersion = 10.0.40219.1
Project("{2150E333-8FDC-42A3-9474-1A3956D46DE8}") = "Persistence", "Persistence", "{02EA681E-C7D8-13C7-8484-4AC65E1B71E8}"
EndProject
Project("{FAE04EC0-301F-11D3-BF4B-00C04F79EFBC}") = "MicroManagement.Activity.WebAPI", "MicroManagement.Activity.WebAPI\MicroManagement.Activity.WebAPI.csproj", "{B0F96406-B80D-FAD5-2C81-209AD5BAC44E}"
EndProject
Project("{FAE04EC0-301F-11D3-BF4B-00C04F79EFBC}") = "MicroManagement.Shared.Events", "..\Core\MicroManagement.Shared.Events\MicroManagement.Shared.Events.csproj", "{DBE5DC20-CEB7-3FCB-0E5C-1485727723D5}"
EndProject
Global
	GlobalSection(SolutionConfigurationPlatforms) = preSolution
		Debug|Any CPU = Debug|Any CPU
		Release|Any CPU = Release|Any CPU
	EndGlobalSection
	GlobalSection(ProjectConfigurationPlatforms) = postSolution
		{B0F96406-B80D-FAD5-2C81-209AD5BAC44E}.Debug|Any CPU.ActiveCfg = Debug|Any CPU
		{B0F96406-B80D-FAD5-2C81-209AD5BAC44E}.Debug|Any CPU.Build.0 = Debug|Any CPU
		{B0F96406-B80D-FAD5-2C81-209AD5BAC44E}.Release|Any CPU.ActiveCfg = Release|Any CPU
		{B0F96406-B80D-FAD5-2C81-209AD5BAC44E}.Release|Any CPU.Build.0 = Release|Any CPU
		{DBE5DC20-CEB7-3FCB-0E5C-1485727723D5}.Debug|Any CPU.ActiveCfg = Debug|Any CPU
		{DBE5DC20-CEB7-3FCB-0E5C-1485727723D5}.Debug|Any CPU.Build.0 = Debug|Any CPU
		{DBE5DC20-CEB7-3FCB-0E5C-1485727723D5}.Release|Any CPU.ActiveCfg = Release|Any CPU
		{DBE5DC20-CEB7-3FCB-0E5C-1485727723D5}.Release|Any CPU.Build.0 = Release|Any CPU
	EndGlobalSection
	GlobalSection(SolutionProperties) = preSolution
		HideSolutionNode = FALSE
	EndGlobalSection
	GlobalSection(ExtensibilityGlobals) = postSolution
		SolutionGuid = {20E20CDA-7E09-4D7B-A3BA-4976733206CE}
	EndGlobalSection
EndGlobal
