
Microsoft Visual Studio Solution File, Format Version 12.00
# Visual Studio Version 17
VisualStudioVersion = 17.0.31611.283
MinimumVisualStudioVersion = 10.0.40219.1
Project("{2150E333-8FDC-42A3-9474-1A3956D46DE8}") = "Application", "Application", "{3F4C89CE-FABE-4709-977C-0A0A52ABD0C0}"
EndProject
Project("{2150E333-8FDC-42A3-9474-1A3956D46DE8}") = "Core", "Core", "{90FDF657-AFED-4D8D-9CE0-4EBEB09BC19D}"
EndProject
Project("{2150E333-8FDC-42A3-9474-1A3956D46DE8}") = "Persistence", "Persistence", "{BAB77EF7-CBEA-4EA9-8B91-7034C2033DE4}"
EndProject
Project("{9A19103F-16F7-4668-BE54-9A1E7A4F7556}") = "MicroManagement.Core", "Core\MicroManagement.Core\MicroManagement.Core.csproj", "{8C74E1DD-2CDB-4568-8066-83B67481B59E}"
EndProject
Project("{9A19103F-16F7-4668-BE54-9A1E7A4F7556}") = "MicroManagement.Persistence.Abstraction", "Persistence\MicroManagement.Persistence.Abstraction\MicroManagement.Persistence.Abstraction.csproj", "{E2B84031-B27D-4EFA-91FC-E3FEF4896571}"
EndProject
Project("{9A19103F-16F7-4668-BE54-9A1E7A4F7556}") = "MicroManagement.Application.Services.Abstraction", "Application\MicroManagement.Services.Abstraction\MicroManagement.Application.Services.Abstraction.csproj", "{24733AFD-AE1B-4BA8-8806-1B6DCD69BCE5}"
EndProject
Project("{9A19103F-16F7-4668-BE54-9A1E7A4F7556}") = "MicroManagement.Application", "Application\My-Micro-Management\MicroManagement.Application.csproj", "{E3BA0A7B-B337-40CE-8D38-7822B0E5ACF9}"
EndProject
Project("{9A19103F-16F7-4668-BE54-9A1E7A4F7556}") = "MicroManagement.Application.Services.Mock", "Application\MicroManagement.Services.Mock\MicroManagement.Application.Services.Mock.csproj", "{34AA4E2F-34B9-46F0-A741-314497947F25}"
EndProject
Project("{9A19103F-16F7-4668-BE54-9A1E7A4F7556}") = "MicroManagement.Application.Services", "Application\MicroManagement.Services\MicroManagement.Application.Services.csproj", "{2AE54201-5A9F-4FC5-A468-5B77E2C498F4}"
EndProject
Project("{9A19103F-16F7-4668-BE54-9A1E7A4F7556}") = "MicroManagement.Persistence.SQLite.MigrationsApplier", "Persistence\MicroManagement.Persistence.SQLite.MigrationsApplier\MicroManagement.Persistence.SQLite.MigrationsApplier.csproj", "{A53955C5-E586-4566-AB5E-C898BB0EC501}"
EndProject
Project("{9A19103F-16F7-4668-BE54-9A1E7A4F7556}") = "MicroManagement.Persistence.EF", "Persistence\MicroManagement.Persistence.EF\MicroManagement.Persistence.EF.csproj", "{9DF0770D-81A3-4BD1-89CA-CB346D3F05A7}"
EndProject
Project("{2150E333-8FDC-42A3-9474-1A3956D46DE8}") = "AuthenticationService", "AuthenticationService", "{37958A4B-5455-4E6F-B5A3-87B2E7E9C991}"
EndProject
Project("{FAE04EC0-301F-11D3-BF4B-00C04F79EFBC}") = "MicroManagement.Auth.WebAPI", "AuthenticationService\MicroManagement.Auth.WebAPI\MicroManagement.Auth.WebAPI.csproj", "{6BFB1843-7F5C-44C5-BEE7-C277A5BA1B4F}"
EndProject
Global
	GlobalSection(SolutionConfigurationPlatforms) = preSolution
		Debug|Any CPU = Debug|Any CPU
		Release|Any CPU = Release|Any CPU
	EndGlobalSection
	GlobalSection(ProjectConfigurationPlatforms) = postSolution
		{8C74E1DD-2CDB-4568-8066-83B67481B59E}.Debug|Any CPU.ActiveCfg = Debug|Any CPU
		{8C74E1DD-2CDB-4568-8066-83B67481B59E}.Debug|Any CPU.Build.0 = Debug|Any CPU
		{8C74E1DD-2CDB-4568-8066-83B67481B59E}.Release|Any CPU.ActiveCfg = Release|Any CPU
		{8C74E1DD-2CDB-4568-8066-83B67481B59E}.Release|Any CPU.Build.0 = Release|Any CPU
		{E2B84031-B27D-4EFA-91FC-E3FEF4896571}.Debug|Any CPU.ActiveCfg = Debug|Any CPU
		{E2B84031-B27D-4EFA-91FC-E3FEF4896571}.Debug|Any CPU.Build.0 = Debug|Any CPU
		{E2B84031-B27D-4EFA-91FC-E3FEF4896571}.Release|Any CPU.ActiveCfg = Release|Any CPU
		{E2B84031-B27D-4EFA-91FC-E3FEF4896571}.Release|Any CPU.Build.0 = Release|Any CPU
		{24733AFD-AE1B-4BA8-8806-1B6DCD69BCE5}.Debug|Any CPU.ActiveCfg = Debug|Any CPU
		{24733AFD-AE1B-4BA8-8806-1B6DCD69BCE5}.Debug|Any CPU.Build.0 = Debug|Any CPU
		{24733AFD-AE1B-4BA8-8806-1B6DCD69BCE5}.Release|Any CPU.ActiveCfg = Release|Any CPU
		{24733AFD-AE1B-4BA8-8806-1B6DCD69BCE5}.Release|Any CPU.Build.0 = Release|Any CPU
		{E3BA0A7B-B337-40CE-8D38-7822B0E5ACF9}.Debug|Any CPU.ActiveCfg = Debug|Any CPU
		{E3BA0A7B-B337-40CE-8D38-7822B0E5ACF9}.Debug|Any CPU.Build.0 = Debug|Any CPU
		{E3BA0A7B-B337-40CE-8D38-7822B0E5ACF9}.Debug|Any CPU.Deploy.0 = Debug|Any CPU
		{E3BA0A7B-B337-40CE-8D38-7822B0E5ACF9}.Release|Any CPU.ActiveCfg = Release|Any CPU
		{E3BA0A7B-B337-40CE-8D38-7822B0E5ACF9}.Release|Any CPU.Build.0 = Release|Any CPU
		{E3BA0A7B-B337-40CE-8D38-7822B0E5ACF9}.Release|Any CPU.Deploy.0 = Release|Any CPU
		{34AA4E2F-34B9-46F0-A741-314497947F25}.Debug|Any CPU.ActiveCfg = Debug|Any CPU
		{34AA4E2F-34B9-46F0-A741-314497947F25}.Debug|Any CPU.Build.0 = Debug|Any CPU
		{34AA4E2F-34B9-46F0-A741-314497947F25}.Release|Any CPU.ActiveCfg = Release|Any CPU
		{34AA4E2F-34B9-46F0-A741-314497947F25}.Release|Any CPU.Build.0 = Release|Any CPU
		{2AE54201-5A9F-4FC5-A468-5B77E2C498F4}.Debug|Any CPU.ActiveCfg = Debug|Any CPU
		{2AE54201-5A9F-4FC5-A468-5B77E2C498F4}.Debug|Any CPU.Build.0 = Debug|Any CPU
		{2AE54201-5A9F-4FC5-A468-5B77E2C498F4}.Release|Any CPU.ActiveCfg = Release|Any CPU
		{2AE54201-5A9F-4FC5-A468-5B77E2C498F4}.Release|Any CPU.Build.0 = Release|Any CPU
		{A53955C5-E586-4566-AB5E-C898BB0EC501}.Debug|Any CPU.ActiveCfg = Debug|Any CPU
		{A53955C5-E586-4566-AB5E-C898BB0EC501}.Debug|Any CPU.Build.0 = Debug|Any CPU
		{A53955C5-E586-4566-AB5E-C898BB0EC501}.Release|Any CPU.ActiveCfg = Release|Any CPU
		{A53955C5-E586-4566-AB5E-C898BB0EC501}.Release|Any CPU.Build.0 = Release|Any CPU
		{9DF0770D-81A3-4BD1-89CA-CB346D3F05A7}.Debug|Any CPU.ActiveCfg = Debug|Any CPU
		{9DF0770D-81A3-4BD1-89CA-CB346D3F05A7}.Debug|Any CPU.Build.0 = Debug|Any CPU
		{9DF0770D-81A3-4BD1-89CA-CB346D3F05A7}.Release|Any CPU.ActiveCfg = Release|Any CPU
		{9DF0770D-81A3-4BD1-89CA-CB346D3F05A7}.Release|Any CPU.Build.0 = Release|Any CPU
		{6BFB1843-7F5C-44C5-BEE7-C277A5BA1B4F}.Debug|Any CPU.ActiveCfg = Debug|Any CPU
		{6BFB1843-7F5C-44C5-BEE7-C277A5BA1B4F}.Debug|Any CPU.Build.0 = Debug|Any CPU
		{6BFB1843-7F5C-44C5-BEE7-C277A5BA1B4F}.Release|Any CPU.ActiveCfg = Release|Any CPU
		{6BFB1843-7F5C-44C5-BEE7-C277A5BA1B4F}.Release|Any CPU.Build.0 = Release|Any CPU
	EndGlobalSection
	GlobalSection(SolutionProperties) = preSolution
		HideSolutionNode = FALSE
	EndGlobalSection
	GlobalSection(NestedProjects) = preSolution
		{8C74E1DD-2CDB-4568-8066-83B67481B59E} = {90FDF657-AFED-4D8D-9CE0-4EBEB09BC19D}
		{E2B84031-B27D-4EFA-91FC-E3FEF4896571} = {BAB77EF7-CBEA-4EA9-8B91-7034C2033DE4}
		{24733AFD-AE1B-4BA8-8806-1B6DCD69BCE5} = {3F4C89CE-FABE-4709-977C-0A0A52ABD0C0}
		{E3BA0A7B-B337-40CE-8D38-7822B0E5ACF9} = {3F4C89CE-FABE-4709-977C-0A0A52ABD0C0}
		{34AA4E2F-34B9-46F0-A741-314497947F25} = {3F4C89CE-FABE-4709-977C-0A0A52ABD0C0}
		{2AE54201-5A9F-4FC5-A468-5B77E2C498F4} = {3F4C89CE-FABE-4709-977C-0A0A52ABD0C0}
		{A53955C5-E586-4566-AB5E-C898BB0EC501} = {BAB77EF7-CBEA-4EA9-8B91-7034C2033DE4}
		{9DF0770D-81A3-4BD1-89CA-CB346D3F05A7} = {BAB77EF7-CBEA-4EA9-8B91-7034C2033DE4}
		{6BFB1843-7F5C-44C5-BEE7-C277A5BA1B4F} = {37958A4B-5455-4E6F-B5A3-87B2E7E9C991}
	EndGlobalSection
	GlobalSection(ExtensibilityGlobals) = postSolution
		SolutionGuid = {61F7FB11-1E47-470C-91E2-47F8143E1572}
	EndGlobalSection
EndGlobal
