
Microsoft Visual Studio Solution File, Format Version 12.00
# Visual Studio Version 17
VisualStudioVersion = 17.0.31611.283
MinimumVisualStudioVersion = 10.0.40219.1
Project("{2150E333-8FDC-42A3-9474-1A3956D46DE8}") = "Application", "Application", "{3F4C89CE-FABE-4709-977C-0A0A52ABD0C0}"
EndProject
Project("{2150E333-8FDC-42A3-9474-1A3956D46DE8}") = "Core", "Core", "{90FDF657-AFED-4D8D-9CE0-4EBEB09BC19D}"
EndProject
Project("{2150E333-8FDC-42A3-9474-1A3956D46DE8}") = "Persistence", "Persistence", "{BAB77EF7-CBEA-4EA9-8B91-7034C2033DE4}"
EndProject
Project("{9A19103F-16F7-4668-BE54-9A1E7A4F7556}") = "MicroManagement.Core", "Core\MicroManagement.Core\MicroManagement.Core.csproj", "{8C74E1DD-2CDB-4568-8066-83B67481B59E}"
EndProject
Project("{9A19103F-16F7-4668-BE54-9A1E7A4F7556}") = "MicroManagement.Application", "Application\My-Micro-Management\MicroManagement.Application.csproj", "{E3BA0A7B-B337-40CE-8D38-7822B0E5ACF9}"
EndProject
Project("{9A19103F-16F7-4668-BE54-9A1E7A4F7556}") = "MicroManagement.Application.Services.Mock", "Application\MicroManagement.Services.Mock\MicroManagement.Application.Services.Mock.csproj", "{34AA4E2F-34B9-46F0-A741-314497947F25}"
EndProject
Project("{9A19103F-16F7-4668-BE54-9A1E7A4F7556}") = "MicroManagement.Application.Services", "Application\MicroManagement.Services\MicroManagement.Application.Services.csproj", "{2AE54201-5A9F-4FC5-A468-5B77E2C498F4}"
EndProject
Project("{2150E333-8FDC-42A3-9474-1A3956D46DE8}") = "AuthenticationService", "AuthenticationService", "{37958A4B-5455-4E6F-B5A3-87B2E7E9C991}"
EndProject
Project("{9A19103F-16F7-4668-BE54-9A1E7A4F7556}") = "MicroManagement.Auth.WebAPI", "AuthenticationService\MicroManagement.Auth.WebAPI\MicroManagement.Auth.WebAPI.csproj", "{6BFB1843-7F5C-44C5-BEE7-C277A5BA1B4F}"
EndProject
Project("{9A19103F-16F7-4668-BE54-9A1E7A4F7556}") = "MicroManagement.Auth.Migrations.SQLite", "AuthenticationService\MicroManagement.Auth.Migrations.SQLite\MicroManagement.Auth.Migrations.SQLite.csproj", "{32A15D7D-E4E4-463A-B5B2-C9C6EC75368E}"
EndProject
Project("{2150E333-8FDC-42A3-9474-1A3956D46DE8}") = "Service", "Service", "{367DE46E-AC75-4560-AF27-2E19DDADAEED}"
EndProject
Project("{9A19103F-16F7-4668-BE54-9A1E7A4F7556}") = "MicroManagement.DataContracts", "Service\MicroManagement.DataContracts\MicroManagement.DataContracts.csproj", "{1FF43F6D-0B5A-47EB-AD0C-CA2439627BAB}"
EndProject
Project("{9A19103F-16F7-4668-BE54-9A1E7A4F7556}") = "MicroManagement.Service.WebAPI", "Service\MicroManagement.Service\MicroManagement.Service.WebAPI.csproj", "{91C9F41E-5B7E-4CE4-B376-0A52BA8B086E}"
EndProject
Project("{9A19103F-16F7-4668-BE54-9A1E7A4F7556}") = "MicroManagement.Persistence.EF", "Service\Persistence\MicroManagement.Persistence.EF\MicroManagement.Persistence.EF.csproj", "{FB19DC41-8B04-477B-A2B7-D119C81F4350}"
EndProject
Project("{9A19103F-16F7-4668-BE54-9A1E7A4F7556}") = "MicroManagement.Persistence.Abstraction", "Service\Persistence\MicroManagement.Persistence.Abstraction\MicroManagement.Persistence.Abstraction.csproj", "{7FCFB30D-2FE8-47E9-8AAA-360CA5D67921}"
EndProject
Project("{9A19103F-16F7-4668-BE54-9A1E7A4F7556}") = "MicroManagement.Persistence.Migrations.SQLite", "Service\Persistence\MicroManagement.Persistence.SQLite.MigrationsApplier\MicroManagement.Persistence.Migrations.SQLite.csproj", "{F53D291C-437C-470B-94F9-B62340D4AB7A}"
EndProject
Project("{9A19103F-16F7-4668-BE54-9A1E7A4F7556}") = "MicroManagement.Service.Abstractions", "Service\MicroManagement.Service.Abstractions\MicroManagement.Service.Abstractions.csproj", "{65F0C642-D93B-4DEA-A867-DB866B25D5C1}"
EndProject
Project("{9A19103F-16F7-4668-BE54-9A1E7A4F7556}") = "MicroManagement.Auth.DataContracts", "AuthenticationService\MicroManagement.Auth.DataContracts\MicroManagement.Auth.DataContracts.csproj", "{13680FDA-EFFC-4742-AD0D-E53CCEE64C9E}"
EndProject
Project("{9A19103F-16F7-4668-BE54-9A1E7A4F7556}") = "MicroManagement.Auth.Migrations.AzureSQL", "AuthenticationService\MicroManagement.Auth.Migrations.AzureSQL\MicroManagement.Auth.Migrations.AzureSQL.csproj", "{14915E28-C72C-424E-B15D-ACA14F6C3289}"
EndProject
Project("{9A19103F-16F7-4668-BE54-9A1E7A4F7556}") = "MicroManagement.Persistence.Migrations.AzureSQL", "Service\Persistence\MicroManagement.Persistence.Migrations.AzureSQL\MicroManagement.Persistence.Migrations.AzureSQL.csproj", "{97962158-645E-499C-8FA3-3534E15950E1}"
EndProject
Global
	GlobalSection(SolutionConfigurationPlatforms) = preSolution
		Debug|Any CPU = Debug|Any CPU
		Release|Any CPU = Release|Any CPU
	EndGlobalSection
	GlobalSection(ProjectConfigurationPlatforms) = postSolution
		{8C74E1DD-2CDB-4568-8066-83B67481B59E}.Debug|Any CPU.ActiveCfg = Debug|Any CPU
		{8C74E1DD-2CDB-4568-8066-83B67481B59E}.Debug|Any CPU.Build.0 = Debug|Any CPU
		{8C74E1DD-2CDB-4568-8066-83B67481B59E}.Release|Any CPU.ActiveCfg = Release|Any CPU
		{8C74E1DD-2CDB-4568-8066-83B67481B59E}.Release|Any CPU.Build.0 = Release|Any CPU
		{E3BA0A7B-B337-40CE-8D38-7822B0E5ACF9}.Debug|Any CPU.ActiveCfg = Debug|Any CPU
		{E3BA0A7B-B337-40CE-8D38-7822B0E5ACF9}.Debug|Any CPU.Build.0 = Debug|Any CPU
		{E3BA0A7B-B337-40CE-8D38-7822B0E5ACF9}.Debug|Any CPU.Deploy.0 = Debug|Any CPU
		{E3BA0A7B-B337-40CE-8D38-7822B0E5ACF9}.Release|Any CPU.ActiveCfg = Release|Any CPU
		{E3BA0A7B-B337-40CE-8D38-7822B0E5ACF9}.Release|Any CPU.Build.0 = Release|Any CPU
		{E3BA0A7B-B337-40CE-8D38-7822B0E5ACF9}.Release|Any CPU.Deploy.0 = Release|Any CPU
		{34AA4E2F-34B9-46F0-A741-314497947F25}.Debug|Any CPU.ActiveCfg = Debug|Any CPU
		{34AA4E2F-34B9-46F0-A741-314497947F25}.Debug|Any CPU.Build.0 = Debug|Any CPU
		{34AA4E2F-34B9-46F0-A741-314497947F25}.Release|Any CPU.ActiveCfg = Release|Any CPU
		{34AA4E2F-34B9-46F0-A741-314497947F25}.Release|Any CPU.Build.0 = Release|Any CPU
		{2AE54201-5A9F-4FC5-A468-5B77E2C498F4}.Debug|Any CPU.ActiveCfg = Debug|Any CPU
		{2AE54201-5A9F-4FC5-A468-5B77E2C498F4}.Debug|Any CPU.Build.0 = Debug|Any CPU
		{2AE54201-5A9F-4FC5-A468-5B77E2C498F4}.Release|Any CPU.ActiveCfg = Release|Any CPU
		{2AE54201-5A9F-4FC5-A468-5B77E2C498F4}.Release|Any CPU.Build.0 = Release|Any CPU
		{6BFB1843-7F5C-44C5-BEE7-C277A5BA1B4F}.Debug|Any CPU.ActiveCfg = Debug|Any CPU
		{6BFB1843-7F5C-44C5-BEE7-C277A5BA1B4F}.Debug|Any CPU.Build.0 = Debug|Any CPU
		{6BFB1843-7F5C-44C5-BEE7-C277A5BA1B4F}.Release|Any CPU.ActiveCfg = Release|Any CPU
		{6BFB1843-7F5C-44C5-BEE7-C277A5BA1B4F}.Release|Any CPU.Build.0 = Release|Any CPU
		{32A15D7D-E4E4-463A-B5B2-C9C6EC75368E}.Debug|Any CPU.ActiveCfg = Debug|Any CPU
		{32A15D7D-E4E4-463A-B5B2-C9C6EC75368E}.Debug|Any CPU.Build.0 = Debug|Any CPU
		{32A15D7D-E4E4-463A-B5B2-C9C6EC75368E}.Release|Any CPU.ActiveCfg = Release|Any CPU
		{32A15D7D-E4E4-463A-B5B2-C9C6EC75368E}.Release|Any CPU.Build.0 = Release|Any CPU
		{1FF43F6D-0B5A-47EB-AD0C-CA2439627BAB}.Debug|Any CPU.ActiveCfg = Debug|Any CPU
		{1FF43F6D-0B5A-47EB-AD0C-CA2439627BAB}.Debug|Any CPU.Build.0 = Debug|Any CPU
		{1FF43F6D-0B5A-47EB-AD0C-CA2439627BAB}.Release|Any CPU.ActiveCfg = Release|Any CPU
		{1FF43F6D-0B5A-47EB-AD0C-CA2439627BAB}.Release|Any CPU.Build.0 = Release|Any CPU
		{91C9F41E-5B7E-4CE4-B376-0A52BA8B086E}.Debug|Any CPU.ActiveCfg = Debug|Any CPU
		{91C9F41E-5B7E-4CE4-B376-0A52BA8B086E}.Debug|Any CPU.Build.0 = Debug|Any CPU
		{91C9F41E-5B7E-4CE4-B376-0A52BA8B086E}.Release|Any CPU.ActiveCfg = Release|Any CPU
		{91C9F41E-5B7E-4CE4-B376-0A52BA8B086E}.Release|Any CPU.Build.0 = Release|Any CPU
		{FB19DC41-8B04-477B-A2B7-D119C81F4350}.Debug|Any CPU.ActiveCfg = Debug|Any CPU
		{FB19DC41-8B04-477B-A2B7-D119C81F4350}.Debug|Any CPU.Build.0 = Debug|Any CPU
		{FB19DC41-8B04-477B-A2B7-D119C81F4350}.Release|Any CPU.ActiveCfg = Release|Any CPU
		{FB19DC41-8B04-477B-A2B7-D119C81F4350}.Release|Any CPU.Build.0 = Release|Any CPU
		{7FCFB30D-2FE8-47E9-8AAA-360CA5D67921}.Debug|Any CPU.ActiveCfg = Debug|Any CPU
		{7FCFB30D-2FE8-47E9-8AAA-360CA5D67921}.Debug|Any CPU.Build.0 = Debug|Any CPU
		{7FCFB30D-2FE8-47E9-8AAA-360CA5D67921}.Release|Any CPU.ActiveCfg = Release|Any CPU
		{7FCFB30D-2FE8-47E9-8AAA-360CA5D67921}.Release|Any CPU.Build.0 = Release|Any CPU
		{F53D291C-437C-470B-94F9-B62340D4AB7A}.Debug|Any CPU.ActiveCfg = Debug|Any CPU
		{F53D291C-437C-470B-94F9-B62340D4AB7A}.Debug|Any CPU.Build.0 = Debug|Any CPU
		{F53D291C-437C-470B-94F9-B62340D4AB7A}.Release|Any CPU.ActiveCfg = Release|Any CPU
		{F53D291C-437C-470B-94F9-B62340D4AB7A}.Release|Any CPU.Build.0 = Release|Any CPU
		{65F0C642-D93B-4DEA-A867-DB866B25D5C1}.Debug|Any CPU.ActiveCfg = Debug|Any CPU
		{65F0C642-D93B-4DEA-A867-DB866B25D5C1}.Debug|Any CPU.Build.0 = Debug|Any CPU
		{65F0C642-D93B-4DEA-A867-DB866B25D5C1}.Release|Any CPU.ActiveCfg = Release|Any CPU
		{65F0C642-D93B-4DEA-A867-DB866B25D5C1}.Release|Any CPU.Build.0 = Release|Any CPU
		{13680FDA-EFFC-4742-AD0D-E53CCEE64C9E}.Debug|Any CPU.ActiveCfg = Debug|Any CPU
		{13680FDA-EFFC-4742-AD0D-E53CCEE64C9E}.Debug|Any CPU.Build.0 = Debug|Any CPU
		{13680FDA-EFFC-4742-AD0D-E53CCEE64C9E}.Release|Any CPU.ActiveCfg = Release|Any CPU
		{13680FDA-EFFC-4742-AD0D-E53CCEE64C9E}.Release|Any CPU.Build.0 = Release|Any CPU
		{14915E28-C72C-424E-B15D-ACA14F6C3289}.Debug|Any CPU.ActiveCfg = Debug|Any CPU
		{14915E28-C72C-424E-B15D-ACA14F6C3289}.Debug|Any CPU.Build.0 = Debug|Any CPU
		{14915E28-C72C-424E-B15D-ACA14F6C3289}.Release|Any CPU.ActiveCfg = Release|Any CPU
		{14915E28-C72C-424E-B15D-ACA14F6C3289}.Release|Any CPU.Build.0 = Release|Any CPU
		{97962158-645E-499C-8FA3-3534E15950E1}.Debug|Any CPU.ActiveCfg = Debug|Any CPU
		{97962158-645E-499C-8FA3-3534E15950E1}.Debug|Any CPU.Build.0 = Debug|Any CPU
		{97962158-645E-499C-8FA3-3534E15950E1}.Release|Any CPU.ActiveCfg = Release|Any CPU
		{97962158-645E-499C-8FA3-3534E15950E1}.Release|Any CPU.Build.0 = Release|Any CPU
	EndGlobalSection
	GlobalSection(SolutionProperties) = preSolution
		HideSolutionNode = FALSE
	EndGlobalSection
	GlobalSection(NestedProjects) = preSolution
		{BAB77EF7-CBEA-4EA9-8B91-7034C2033DE4} = {367DE46E-AC75-4560-AF27-2E19DDADAEED}
		{8C74E1DD-2CDB-4568-8066-83B67481B59E} = {90FDF657-AFED-4D8D-9CE0-4EBEB09BC19D}
		{E3BA0A7B-B337-40CE-8D38-7822B0E5ACF9} = {3F4C89CE-FABE-4709-977C-0A0A52ABD0C0}
		{34AA4E2F-34B9-46F0-A741-314497947F25} = {3F4C89CE-FABE-4709-977C-0A0A52ABD0C0}
		{2AE54201-5A9F-4FC5-A468-5B77E2C498F4} = {3F4C89CE-FABE-4709-977C-0A0A52ABD0C0}
		{6BFB1843-7F5C-44C5-BEE7-C277A5BA1B4F} = {37958A4B-5455-4E6F-B5A3-87B2E7E9C991}
		{32A15D7D-E4E4-463A-B5B2-C9C6EC75368E} = {37958A4B-5455-4E6F-B5A3-87B2E7E9C991}
		{1FF43F6D-0B5A-47EB-AD0C-CA2439627BAB} = {367DE46E-AC75-4560-AF27-2E19DDADAEED}
		{91C9F41E-5B7E-4CE4-B376-0A52BA8B086E} = {367DE46E-AC75-4560-AF27-2E19DDADAEED}
		{FB19DC41-8B04-477B-A2B7-D119C81F4350} = {BAB77EF7-CBEA-4EA9-8B91-7034C2033DE4}
		{7FCFB30D-2FE8-47E9-8AAA-360CA5D67921} = {BAB77EF7-CBEA-4EA9-8B91-7034C2033DE4}
		{F53D291C-437C-470B-94F9-B62340D4AB7A} = {BAB77EF7-CBEA-4EA9-8B91-7034C2033DE4}
		{65F0C642-D93B-4DEA-A867-DB866B25D5C1} = {367DE46E-AC75-4560-AF27-2E19DDADAEED}
		{13680FDA-EFFC-4742-AD0D-E53CCEE64C9E} = {37958A4B-5455-4E6F-B5A3-87B2E7E9C991}
		{14915E28-C72C-424E-B15D-ACA14F6C3289} = {37958A4B-5455-4E6F-B5A3-87B2E7E9C991}
		{97962158-645E-499C-8FA3-3534E15950E1} = {BAB77EF7-CBEA-4EA9-8B91-7034C2033DE4}
	EndGlobalSection
	GlobalSection(ExtensibilityGlobals) = postSolution
		SolutionGuid = {61F7FB11-1E47-470C-91E2-47F8143E1572}
	EndGlobalSection
EndGlobal
