
Microsoft Visual Studio Solution File, Format Version 12.00
# Visual Studio Version 17
VisualStudioVersion = 17.0.31611.283
MinimumVisualStudioVersion = 10.0.40219.1
Project("{2150E333-8FDC-42A3-9474-1A3956D46DE8}") = "Core", "Core", "{90FDF657-AFED-4D8D-9CE0-4EBEB09BC19D}"
EndProject
Project("{9A19103F-16F7-4668-BE54-9A1E7A4F7556}") = "MicroManagement.Core", "Core\MicroManagement.Core\MicroManagement.Core.csproj", "{8C74E1DD-2CDB-4568-8066-83B67481B59E}"
EndProject
Project("{2150E333-8FDC-42A3-9474-1A3956D46DE8}") = "Auth", "Auth", "{0C3B0218-BFE7-4BEC-B414-808D0B9CD034}"
EndProject
Project("{FAE04EC0-301F-11D3-BF4B-00C04F79EFBC}") = "MicroManagement.Auth.DataContracts", "Auth\MicroManagement.Auth.DataContracts\MicroManagement.Auth.DataContracts.csproj", "{E655BC0B-ED91-4A98-923E-78C460FDE417}"
EndProject
Project("{FAE04EC0-301F-11D3-BF4B-00C04F79EFBC}") = "MicroManagement.Auth.WebAPI", "Auth\MicroManagement.Auth.WebAPI\MicroManagement.Auth.WebAPI.csproj", "{7D2E8429-EA0C-4DC9-8D79-209CBE8B4D9A}"
EndProject
Project("{FAE04EC0-301F-11D3-BF4B-00C04F79EFBC}") = "MicroManagement.Auth.Migrations.AzureSQL", "Auth\MicroManagement.Auth.Migrations.AzureSQL\MicroManagement.Auth.Migrations.AzureSQL.csproj", "{1EB1D360-232B-4A6D-A3B7-04150CB4E799}"
EndProject
Project("{FAE04EC0-301F-11D3-BF4B-00C04F79EFBC}") = "MicroManagement.Auth.Migrations.SQLite", "Auth\MicroManagement.Auth.Migrations.SQLite\MicroManagement.Auth.Migrations.SQLite.csproj", "{35E2AE28-DB60-4006-A777-BDEE021C2BEC}"
EndProject
Project("{2150E333-8FDC-42A3-9474-1A3956D46DE8}") = "Main", "Main", "{B67DAE9B-B6AC-4BED-A7AC-E6E459EE09A8}"
EndProject
Project("{FAE04EC0-301F-11D3-BF4B-00C04F79EFBC}") = "MicroManagement.DataContracts", "Main\MicroManagement.DataContracts\MicroManagement.DataContracts.csproj", "{EF58F6AE-4241-486E-9D11-6006C0D0332B}"
EndProject
Project("{FAE04EC0-301F-11D3-BF4B-00C04F79EFBC}") = "MicroManagement.Service.WebAPI", "Main\MicroManagement.Service\MicroManagement.Service.WebAPI.csproj", "{7EA6BE35-A3B1-42A6-9080-2034D0D1C95B}"
EndProject
Project("{FAE04EC0-301F-11D3-BF4B-00C04F79EFBC}") = "MicroManagement.Service.Abstractions", "Main\MicroManagement.Service.Abstractions\MicroManagement.Service.Abstractions.csproj", "{D50911D4-C7F3-4027-BD65-0CBDF60410FD}"
EndProject
Project("{2150E333-8FDC-42A3-9474-1A3956D46DE8}") = "Persistence", "Persistence", "{72199D51-D0F2-4208-ABEE-B70858F0D0E1}"
EndProject
Project("{FAE04EC0-301F-11D3-BF4B-00C04F79EFBC}") = "MicroManagement.Persistence.Abstraction", "Main\Persistence\MicroManagement.Persistence.Abstraction\MicroManagement.Persistence.Abstraction.csproj", "{E751CFFD-97CF-499A-840E-ECBF6AD5BDD6}"
EndProject
Project("{FAE04EC0-301F-11D3-BF4B-00C04F79EFBC}") = "MicroManagement.Persistence.EF", "Main\Persistence\MicroManagement.Persistence.EF\MicroManagement.Persistence.EF.csproj", "{0B6C8E8C-88FF-48FB-B204-29C41BF4EF3E}"
EndProject
Project("{FAE04EC0-301F-11D3-BF4B-00C04F79EFBC}") = "MicroManagement.Persistence.Migrations.AzureSQL", "Main\Persistence\MicroManagement.Persistence.Migrations.AzureSQL\MicroManagement.Persistence.Migrations.AzureSQL.csproj", "{BB0DF696-B0E7-4852-BD43-FEDB4A643461}"
EndProject
Project("{FAE04EC0-301F-11D3-BF4B-00C04F79EFBC}") = "MicroManagement.Persistence.Migrations.SQLite", "Main\Persistence\MicroManagement.Persistence.SQLite.MigrationsApplier\MicroManagement.Persistence.Migrations.SQLite.csproj", "{98354440-C672-4200-813C-883331C6AFF9}"
EndProject
Project("{FAE04EC0-301F-11D3-BF4B-00C04F79EFBC}") = "MicroManagement.Auth.Migrations.Postgres", "Auth\MicroManagement.Auth.Migrations.Postgres\MicroManagement.Auth.Migrations.Postgres.csproj", "{116AD57A-7F4F-47E6-BA89-CC4ADAE9A7B9}"
EndProject
Project("{FAE04EC0-301F-11D3-BF4B-00C04F79EFBC}") = "MicroManagement.Auth.EFDbContext", "Auth\MicroManagement.Auth.EFDbContext\MicroManagement.Auth.EFDbContext.csproj", "{6A6050EA-D50A-47FC-8B2C-A3E2409B8AE3}"
EndProject
Project("{FAE04EC0-301F-11D3-BF4B-00C04F79EFBC}") = "MicroManagement.Shared.Startup", "Core\MicroManagement.Shared.Startup\MicroManagement.Shared.Startup.csproj", "{B16D9FC9-24FF-495E-A429-0C9CD95933D3}"
EndProject
Global
	GlobalSection(SolutionConfigurationPlatforms) = preSolution
		Debug|Any CPU = Debug|Any CPU
		Release|Any CPU = Release|Any CPU
	EndGlobalSection
	GlobalSection(ProjectConfigurationPlatforms) = postSolution
		{8C74E1DD-2CDB-4568-8066-83B67481B59E}.Debug|Any CPU.ActiveCfg = Debug|Any CPU
		{8C74E1DD-2CDB-4568-8066-83B67481B59E}.Debug|Any CPU.Build.0 = Debug|Any CPU
		{8C74E1DD-2CDB-4568-8066-83B67481B59E}.Release|Any CPU.ActiveCfg = Release|Any CPU
		{8C74E1DD-2CDB-4568-8066-83B67481B59E}.Release|Any CPU.Build.0 = Release|Any CPU
		{E655BC0B-ED91-4A98-923E-78C460FDE417}.Debug|Any CPU.ActiveCfg = Debug|Any CPU
		{E655BC0B-ED91-4A98-923E-78C460FDE417}.Debug|Any CPU.Build.0 = Debug|Any CPU
		{E655BC0B-ED91-4A98-923E-78C460FDE417}.Release|Any CPU.ActiveCfg = Release|Any CPU
		{E655BC0B-ED91-4A98-923E-78C460FDE417}.Release|Any CPU.Build.0 = Release|Any CPU
		{7D2E8429-EA0C-4DC9-8D79-209CBE8B4D9A}.Debug|Any CPU.ActiveCfg = Debug|Any CPU
		{7D2E8429-EA0C-4DC9-8D79-209CBE8B4D9A}.Debug|Any CPU.Build.0 = Debug|Any CPU
		{7D2E8429-EA0C-4DC9-8D79-209CBE8B4D9A}.Release|Any CPU.ActiveCfg = Release|Any CPU
		{7D2E8429-EA0C-4DC9-8D79-209CBE8B4D9A}.Release|Any CPU.Build.0 = Release|Any CPU
		{1EB1D360-232B-4A6D-A3B7-04150CB4E799}.Debug|Any CPU.ActiveCfg = Debug|Any CPU
		{1EB1D360-232B-4A6D-A3B7-04150CB4E799}.Debug|Any CPU.Build.0 = Debug|Any CPU
		{1EB1D360-232B-4A6D-A3B7-04150CB4E799}.Release|Any CPU.ActiveCfg = Release|Any CPU
		{1EB1D360-232B-4A6D-A3B7-04150CB4E799}.Release|Any CPU.Build.0 = Release|Any CPU
		{35E2AE28-DB60-4006-A777-BDEE021C2BEC}.Debug|Any CPU.ActiveCfg = Debug|Any CPU
		{35E2AE28-DB60-4006-A777-BDEE021C2BEC}.Debug|Any CPU.Build.0 = Debug|Any CPU
		{35E2AE28-DB60-4006-A777-BDEE021C2BEC}.Release|Any CPU.ActiveCfg = Release|Any CPU
		{35E2AE28-DB60-4006-A777-BDEE021C2BEC}.Release|Any CPU.Build.0 = Release|Any CPU
		{EF58F6AE-4241-486E-9D11-6006C0D0332B}.Debug|Any CPU.ActiveCfg = Debug|Any CPU
		{EF58F6AE-4241-486E-9D11-6006C0D0332B}.Debug|Any CPU.Build.0 = Debug|Any CPU
		{EF58F6AE-4241-486E-9D11-6006C0D0332B}.Release|Any CPU.ActiveCfg = Release|Any CPU
		{EF58F6AE-4241-486E-9D11-6006C0D0332B}.Release|Any CPU.Build.0 = Release|Any CPU
		{7EA6BE35-A3B1-42A6-9080-2034D0D1C95B}.Debug|Any CPU.ActiveCfg = Debug|Any CPU
		{7EA6BE35-A3B1-42A6-9080-2034D0D1C95B}.Debug|Any CPU.Build.0 = Debug|Any CPU
		{7EA6BE35-A3B1-42A6-9080-2034D0D1C95B}.Release|Any CPU.ActiveCfg = Release|Any CPU
		{7EA6BE35-A3B1-42A6-9080-2034D0D1C95B}.Release|Any CPU.Build.0 = Release|Any CPU
		{D50911D4-C7F3-4027-BD65-0CBDF60410FD}.Debug|Any CPU.ActiveCfg = Debug|Any CPU
		{D50911D4-C7F3-4027-BD65-0CBDF60410FD}.Debug|Any CPU.Build.0 = Debug|Any CPU
		{D50911D4-C7F3-4027-BD65-0CBDF60410FD}.Release|Any CPU.ActiveCfg = Release|Any CPU
		{D50911D4-C7F3-4027-BD65-0CBDF60410FD}.Release|Any CPU.Build.0 = Release|Any CPU
		{E751CFFD-97CF-499A-840E-ECBF6AD5BDD6}.Debug|Any CPU.ActiveCfg = Debug|Any CPU
		{E751CFFD-97CF-499A-840E-ECBF6AD5BDD6}.Debug|Any CPU.Build.0 = Debug|Any CPU
		{E751CFFD-97CF-499A-840E-ECBF6AD5BDD6}.Release|Any CPU.ActiveCfg = Release|Any CPU
		{E751CFFD-97CF-499A-840E-ECBF6AD5BDD6}.Release|Any CPU.Build.0 = Release|Any CPU
		{0B6C8E8C-88FF-48FB-B204-29C41BF4EF3E}.Debug|Any CPU.ActiveCfg = Debug|Any CPU
		{0B6C8E8C-88FF-48FB-B204-29C41BF4EF3E}.Debug|Any CPU.Build.0 = Debug|Any CPU
		{0B6C8E8C-88FF-48FB-B204-29C41BF4EF3E}.Release|Any CPU.ActiveCfg = Release|Any CPU
		{0B6C8E8C-88FF-48FB-B204-29C41BF4EF3E}.Release|Any CPU.Build.0 = Release|Any CPU
		{BB0DF696-B0E7-4852-BD43-FEDB4A643461}.Debug|Any CPU.ActiveCfg = Debug|Any CPU
		{BB0DF696-B0E7-4852-BD43-FEDB4A643461}.Debug|Any CPU.Build.0 = Debug|Any CPU
		{BB0DF696-B0E7-4852-BD43-FEDB4A643461}.Release|Any CPU.ActiveCfg = Release|Any CPU
		{BB0DF696-B0E7-4852-BD43-FEDB4A643461}.Release|Any CPU.Build.0 = Release|Any CPU
		{98354440-C672-4200-813C-883331C6AFF9}.Debug|Any CPU.ActiveCfg = Debug|Any CPU
		{98354440-C672-4200-813C-883331C6AFF9}.Debug|Any CPU.Build.0 = Debug|Any CPU
		{98354440-C672-4200-813C-883331C6AFF9}.Release|Any CPU.ActiveCfg = Release|Any CPU
		{98354440-C672-4200-813C-883331C6AFF9}.Release|Any CPU.Build.0 = Release|Any CPU
		{116AD57A-7F4F-47E6-BA89-CC4ADAE9A7B9}.Debug|Any CPU.ActiveCfg = Debug|Any CPU
		{116AD57A-7F4F-47E6-BA89-CC4ADAE9A7B9}.Debug|Any CPU.Build.0 = Debug|Any CPU
		{116AD57A-7F4F-47E6-BA89-CC4ADAE9A7B9}.Release|Any CPU.ActiveCfg = Release|Any CPU
		{116AD57A-7F4F-47E6-BA89-CC4ADAE9A7B9}.Release|Any CPU.Build.0 = Release|Any CPU
		{6A6050EA-D50A-47FC-8B2C-A3E2409B8AE3}.Debug|Any CPU.ActiveCfg = Debug|Any CPU
		{6A6050EA-D50A-47FC-8B2C-A3E2409B8AE3}.Debug|Any CPU.Build.0 = Debug|Any CPU
		{6A6050EA-D50A-47FC-8B2C-A3E2409B8AE3}.Release|Any CPU.ActiveCfg = Release|Any CPU
		{6A6050EA-D50A-47FC-8B2C-A3E2409B8AE3}.Release|Any CPU.Build.0 = Release|Any CPU
		{B16D9FC9-24FF-495E-A429-0C9CD95933D3}.Debug|Any CPU.ActiveCfg = Debug|Any CPU
		{B16D9FC9-24FF-495E-A429-0C9CD95933D3}.Debug|Any CPU.Build.0 = Debug|Any CPU
		{B16D9FC9-24FF-495E-A429-0C9CD95933D3}.Release|Any CPU.ActiveCfg = Release|Any CPU
		{B16D9FC9-24FF-495E-A429-0C9CD95933D3}.Release|Any CPU.Build.0 = Release|Any CPU
	EndGlobalSection
	GlobalSection(SolutionProperties) = preSolution
		HideSolutionNode = FALSE
	EndGlobalSection
	GlobalSection(NestedProjects) = preSolution
		{8C74E1DD-2CDB-4568-8066-83B67481B59E} = {90FDF657-AFED-4D8D-9CE0-4EBEB09BC19D}
		{E655BC0B-ED91-4A98-923E-78C460FDE417} = {0C3B0218-BFE7-4BEC-B414-808D0B9CD034}
		{7D2E8429-EA0C-4DC9-8D79-209CBE8B4D9A} = {0C3B0218-BFE7-4BEC-B414-808D0B9CD034}
		{1EB1D360-232B-4A6D-A3B7-04150CB4E799} = {0C3B0218-BFE7-4BEC-B414-808D0B9CD034}
		{35E2AE28-DB60-4006-A777-BDEE021C2BEC} = {0C3B0218-BFE7-4BEC-B414-808D0B9CD034}
		{EF58F6AE-4241-486E-9D11-6006C0D0332B} = {B67DAE9B-B6AC-4BED-A7AC-E6E459EE09A8}
		{7EA6BE35-A3B1-42A6-9080-2034D0D1C95B} = {B67DAE9B-B6AC-4BED-A7AC-E6E459EE09A8}
		{D50911D4-C7F3-4027-BD65-0CBDF60410FD} = {B67DAE9B-B6AC-4BED-A7AC-E6E459EE09A8}
		{72199D51-D0F2-4208-ABEE-B70858F0D0E1} = {B67DAE9B-B6AC-4BED-A7AC-E6E459EE09A8}
		{E751CFFD-97CF-499A-840E-ECBF6AD5BDD6} = {72199D51-D0F2-4208-ABEE-B70858F0D0E1}
		{0B6C8E8C-88FF-48FB-B204-29C41BF4EF3E} = {72199D51-D0F2-4208-ABEE-B70858F0D0E1}
		{BB0DF696-B0E7-4852-BD43-FEDB4A643461} = {72199D51-D0F2-4208-ABEE-B70858F0D0E1}
		{98354440-C672-4200-813C-883331C6AFF9} = {72199D51-D0F2-4208-ABEE-B70858F0D0E1}
		{116AD57A-7F4F-47E6-BA89-CC4ADAE9A7B9} = {0C3B0218-BFE7-4BEC-B414-808D0B9CD034}
		{6A6050EA-D50A-47FC-8B2C-A3E2409B8AE3} = {0C3B0218-BFE7-4BEC-B414-808D0B9CD034}
		{B16D9FC9-24FF-495E-A429-0C9CD95933D3} = {90FDF657-AFED-4D8D-9CE0-4EBEB09BC19D}
	EndGlobalSection
	GlobalSection(ExtensibilityGlobals) = postSolution
		SolutionGuid = {61F7FB11-1E47-470C-91E2-47F8143E1572}
	EndGlobalSection
EndGlobal
