
Microsoft Visual Studio Solution File, Format Version 12.00
# Visual Studio Version 17
VisualStudioVersion = 17.5.33414.496
MinimumVisualStudioVersion = 10.0.40219.1
Project("{9A19103F-16F7-4668-BE54-9A1E7A4F7556}") = "MicroManagement.DataContracts", "MicroManagement.DataContracts\MicroManagement.DataContracts.csproj", "{09B6AB49-7E21-415F-A2F5-C4EF66E909BD}"
EndProject
Project("{9A19103F-16F7-4668-BE54-9A1E7A4F7556}") = "MicroManagement.Service", "MicroManagement.Service\MicroManagement.Service.csproj", "{BF39334B-724C-4EF9-B4C2-9381559D88F6}"
EndProject
Project("{9A19103F-16F7-4668-BE54-9A1E7A4F7556}") = "MicroManagement.Service.Abstractions", "MicroManagement.Service.Abstractions\MicroManagement.Service.Abstractions.csproj", "{B8DF6518-44D9-4140-AED7-0DFF32B29EBE}"
EndProject
Project("{9A19103F-16F7-4668-BE54-9A1E7A4F7556}") = "MicroManagement.Persistence.Abstraction", "Persistence\MicroManagement.Persistence.Abstraction\MicroManagement.Persistence.Abstraction.csproj", "{C7FF62A3-4299-4559-A03C-CB5D4C7C1889}"
EndProject
Project("{9A19103F-16F7-4668-BE54-9A1E7A4F7556}") = "MicroManagement.Persistence.EF", "Persistence\MicroManagement.Persistence.EF\MicroManagement.Persistence.EF.csproj", "{8C3FC01E-0F07-4FCB-B163-8967924DDEB5}"
EndProject
Project("{9A19103F-16F7-4668-BE54-9A1E7A4F7556}") = "MicroManagement.Persistence.SQLite.MigrationsApplier", "Persistence\MicroManagement.Persistence.SQLite.MigrationsApplier\MicroManagement.Persistence.SQLite.MigrationsApplier.csproj", "{BC969BCA-E871-4225-8959-BBFD4021C086}"
EndProject
Project("{9A19103F-16F7-4668-BE54-9A1E7A4F7556}") = "MicroManagement.Core", "..\Core\MicroManagement.Core\MicroManagement.Core.csproj", "{56D1FBA9-8C8A-4284-92D5-92F049280858}"
EndProject
Global
	GlobalSection(SolutionConfigurationPlatforms) = preSolution
		Debug|Any CPU = Debug|Any CPU
		Release|Any CPU = Release|Any CPU
	EndGlobalSection
	GlobalSection(ProjectConfigurationPlatforms) = postSolution
		{09B6AB49-7E21-415F-A2F5-C4EF66E909BD}.Debug|Any CPU.ActiveCfg = Debug|Any CPU
		{09B6AB49-7E21-415F-A2F5-C4EF66E909BD}.Debug|Any CPU.Build.0 = Debug|Any CPU
		{09B6AB49-7E21-415F-A2F5-C4EF66E909BD}.Release|Any CPU.ActiveCfg = Release|Any CPU
		{09B6AB49-7E21-415F-A2F5-C4EF66E909BD}.Release|Any CPU.Build.0 = Release|Any CPU
		{BF39334B-724C-4EF9-B4C2-9381559D88F6}.Debug|Any CPU.ActiveCfg = Debug|Any CPU
		{BF39334B-724C-4EF9-B4C2-9381559D88F6}.Debug|Any CPU.Build.0 = Debug|Any CPU
		{BF39334B-724C-4EF9-B4C2-9381559D88F6}.Release|Any CPU.ActiveCfg = Release|Any CPU
		{BF39334B-724C-4EF9-B4C2-9381559D88F6}.Release|Any CPU.Build.0 = Release|Any CPU
		{B8DF6518-44D9-4140-AED7-0DFF32B29EBE}.Debug|Any CPU.ActiveCfg = Debug|Any CPU
		{B8DF6518-44D9-4140-AED7-0DFF32B29EBE}.Debug|Any CPU.Build.0 = Debug|Any CPU
		{B8DF6518-44D9-4140-AED7-0DFF32B29EBE}.Release|Any CPU.ActiveCfg = Release|Any CPU
		{B8DF6518-44D9-4140-AED7-0DFF32B29EBE}.Release|Any CPU.Build.0 = Release|Any CPU
		{C7FF62A3-4299-4559-A03C-CB5D4C7C1889}.Debug|Any CPU.ActiveCfg = Debug|Any CPU
		{C7FF62A3-4299-4559-A03C-CB5D4C7C1889}.Debug|Any CPU.Build.0 = Debug|Any CPU
		{C7FF62A3-4299-4559-A03C-CB5D4C7C1889}.Release|Any CPU.ActiveCfg = Release|Any CPU
		{C7FF62A3-4299-4559-A03C-CB5D4C7C1889}.Release|Any CPU.Build.0 = Release|Any CPU
		{8C3FC01E-0F07-4FCB-B163-8967924DDEB5}.Debug|Any CPU.ActiveCfg = Debug|Any CPU
		{8C3FC01E-0F07-4FCB-B163-8967924DDEB5}.Debug|Any CPU.Build.0 = Debug|Any CPU
		{8C3FC01E-0F07-4FCB-B163-8967924DDEB5}.Release|Any CPU.ActiveCfg = Release|Any CPU
		{8C3FC01E-0F07-4FCB-B163-8967924DDEB5}.Release|Any CPU.Build.0 = Release|Any CPU
		{BC969BCA-E871-4225-8959-BBFD4021C086}.Debug|Any CPU.ActiveCfg = Debug|Any CPU
		{BC969BCA-E871-4225-8959-BBFD4021C086}.Debug|Any CPU.Build.0 = Debug|Any CPU
		{BC969BCA-E871-4225-8959-BBFD4021C086}.Release|Any CPU.ActiveCfg = Release|Any CPU
		{BC969BCA-E871-4225-8959-BBFD4021C086}.Release|Any CPU.Build.0 = Release|Any CPU
		{56D1FBA9-8C8A-4284-92D5-92F049280858}.Debug|Any CPU.ActiveCfg = Debug|Any CPU
		{56D1FBA9-8C8A-4284-92D5-92F049280858}.Debug|Any CPU.Build.0 = Debug|Any CPU
		{56D1FBA9-8C8A-4284-92D5-92F049280858}.Release|Any CPU.ActiveCfg = Release|Any CPU
		{56D1FBA9-8C8A-4284-92D5-92F049280858}.Release|Any CPU.Build.0 = Release|Any CPU
	EndGlobalSection
	GlobalSection(SolutionProperties) = preSolution
		HideSolutionNode = FALSE
	EndGlobalSection
	GlobalSection(ExtensibilityGlobals) = postSolution
		SolutionGuid = {86B0B8CF-B681-41DB-BBEA-0525CE754C98}
	EndGlobalSection
EndGlobal
